<Solution>
  <Project Path="ExpressionEvaluator.Core/ExpressionEvaluator.Core.csproj" />
  <Folder Name="/Solution Items/">
    <File Path="README.md" />
  </Folder>
  <Project Path="ExpressionEvaluator.App/ExpressionEvaluator.App.csproj" />
  <Project Path="ExpressionEvaluator.Tests/ExpressionEvaluator.Tests.csproj" />
</Solution>
